<Solution>
  <Folder Name="/src/">
    <Project Path="src/QueueBox.Inbox/QueueBox.Inbox.csproj" />
  </Folder>
  <Folder Name="/tests/">
    <Project Path="tests/QueueBox.Inbox.IntegrationTests/QueueBox.Inbox.IntegrationTests.csproj" />
    <Project Path="tests/QueueBox.Inbox.Tests/QueueBox.Inbox.Tests.csproj" />
  </Folder>
</Solution>
